
Microsoft Visual Studio Solution File, Format Version 12.00
# Visual Studio Version 17
VisualStudioVersion = 17.10.34928.147
MinimumVisualStudioVersion = 10.0.40219.1
Project("{2150E333-8FDC-42A3-9474-1A3956D46DE8}") = "src", "src", "{6BB825CA-A646-4F89-A795-D151DAB5D577}"
EndProject
Project("{2150E333-8FDC-42A3-9474-1A3956D46DE8}") = "test", "test", "{F9BC9259-60F0-4E21-9F83-C63BFBB9525F}"
EndProject
Project("{9A19103F-16F7-4668-BE54-9A1E7A4F7556}") = "Sample.Domain", "Sample.Domain\Sample.Domain.csproj", "{48702089-4DA5-4EED-80D5-7F550768A4E9}"
EndProject
Project("{9A19103F-16F7-4668-BE54-9A1E7A4F7556}") = "Sample.Domain.UnitTests", "Sample.Domain.UnitTests\Sample.Domain.UnitTests.csproj", "{E13A19A9-7897-45F2-9D57-D447A496FED3}"
EndProject
Project("{9A19103F-16F7-4668-BE54-9A1E7A4F7556}") = "Sample.Application", "Sample.Application\Sample.Application.csproj", "{2470F585-E214-4BAE-81E9-263EC4E146E1}"
EndProject
Project("{9A19103F-16F7-4668-BE54-9A1E7A4F7556}") = "Sample.Infrastructure", "Sample.Infrastructure\Sample.Infrastructure.csproj", "{AFD577E8-8FEB-4AB4-ACE3-56FAFACAF877}"
EndProject
Project("{9A19103F-16F7-4668-BE54-9A1E7A4F7556}") = "Sample.Console", "Sample.Console\Sample.Console.csproj", "{5B50BC26-59B5-4571-95D5-F220F6FEEAF9}"
EndProject
Project("{E53339B2-1760-4266-BCC7-CA923CBCF16C}") = "docker-compose", "docker-compose.dcproj", "{AFE5AE1D-67D3-472E-8AC6-ECA2285F2338}"
EndProject
Project("{2150E333-8FDC-42A3-9474-1A3956D46DE8}") = "Solution Items", "Solution Items", "{E669998C-5B0D-4C2C-AB2F-4D24FE5BA9F5}"
	ProjectSection(SolutionItems) = preProject
		.editorconfig = .editorconfig
	EndProjectSection
EndProject
Global
	GlobalSection(SolutionConfigurationPlatforms) = preSolution
		Debug|Any CPU = Debug|Any CPU
		Release|Any CPU = Release|Any CPU
	EndGlobalSection
	GlobalSection(ProjectConfigurationPlatforms) = postSolution
		{48702089-4DA5-4EED-80D5-7F550768A4E9}.Debug|Any CPU.ActiveCfg = Debug|Any CPU
		{48702089-4DA5-4EED-80D5-7F550768A4E9}.Debug|Any CPU.Build.0 = Debug|Any CPU
		{48702089-4DA5-4EED-80D5-7F550768A4E9}.Release|Any CPU.ActiveCfg = Release|Any CPU
		{48702089-4DA5-4EED-80D5-7F550768A4E9}.Release|Any CPU.Build.0 = Release|Any CPU
		{E13A19A9-7897-45F2-9D57-D447A496FED3}.Debug|Any CPU.ActiveCfg = Debug|Any CPU
		{E13A19A9-7897-45F2-9D57-D447A496FED3}.Debug|Any CPU.Build.0 = Debug|Any CPU
		{E13A19A9-7897-45F2-9D57-D447A496FED3}.Release|Any CPU.ActiveCfg = Release|Any CPU
		{E13A19A9-7897-45F2-9D57-D447A496FED3}.Release|Any CPU.Build.0 = Release|Any CPU
		{2470F585-E214-4BAE-81E9-263EC4E146E1}.Debug|Any CPU.ActiveCfg = Debug|Any CPU
		{2470F585-E214-4BAE-81E9-263EC4E146E1}.Debug|Any CPU.Build.0 = Debug|Any CPU
		{2470F585-E214-4BAE-81E9-263EC4E146E1}.Release|Any CPU.ActiveCfg = Release|Any CPU
		{2470F585-E214-4BAE-81E9-263EC4E146E1}.Release|Any CPU.Build.0 = Release|Any CPU
		{AFD577E8-8FEB-4AB4-ACE3-56FAFACAF877}.Debug|Any CPU.ActiveCfg = Debug|Any CPU
		{AFD577E8-8FEB-4AB4-ACE3-56FAFACAF877}.Debug|Any CPU.Build.0 = Debug|Any CPU
		{AFD577E8-8FEB-4AB4-ACE3-56FAFACAF877}.Release|Any CPU.ActiveCfg = Release|Any CPU
		{AFD577E8-8FEB-4AB4-ACE3-56FAFACAF877}.Release|Any CPU.Build.0 = Release|Any CPU
		{5B50BC26-59B5-4571-95D5-F220F6FEEAF9}.Debug|Any CPU.ActiveCfg = Debug|Any CPU
		{5B50BC26-59B5-4571-95D5-F220F6FEEAF9}.Debug|Any CPU.Build.0 = Debug|Any CPU
		{5B50BC26-59B5-4571-95D5-F220F6FEEAF9}.Release|Any CPU.ActiveCfg = Release|Any CPU
		{5B50BC26-59B5-4571-95D5-F220F6FEEAF9}.Release|Any CPU.Build.0 = Release|Any CPU
		{AFE5AE1D-67D3-472E-8AC6-ECA2285F2338}.Debug|Any CPU.ActiveCfg = Debug|Any CPU
		{AFE5AE1D-67D3-472E-8AC6-ECA2285F2338}.Debug|Any CPU.Build.0 = Debug|Any CPU
		{AFE5AE1D-67D3-472E-8AC6-ECA2285F2338}.Release|Any CPU.ActiveCfg = Release|Any CPU
		{AFE5AE1D-67D3-472E-8AC6-ECA2285F2338}.Release|Any CPU.Build.0 = Release|Any CPU
	EndGlobalSection
	GlobalSection(SolutionProperties) = preSolution
		HideSolutionNode = FALSE
	EndGlobalSection
	GlobalSection(NestedProjects) = preSolution
		{48702089-4DA5-4EED-80D5-7F550768A4E9} = {6BB825CA-A646-4F89-A795-D151DAB5D577}
		{E13A19A9-7897-45F2-9D57-D447A496FED3} = {F9BC9259-60F0-4E21-9F83-C63BFBB9525F}
		{2470F585-E214-4BAE-81E9-263EC4E146E1} = {6BB825CA-A646-4F89-A795-D151DAB5D577}
		{AFD577E8-8FEB-4AB4-ACE3-56FAFACAF877} = {6BB825CA-A646-4F89-A795-D151DAB5D577}
		{5B50BC26-59B5-4571-95D5-F220F6FEEAF9} = {6BB825CA-A646-4F89-A795-D151DAB5D577}
	EndGlobalSection
	GlobalSection(ExtensibilityGlobals) = postSolution
		SolutionGuid = {E3F1D035-866B-47B8-82A6-0C939BE2D93C}
	EndGlobalSection
EndGlobal
